{
  "name": "x",
  "version": "1.0.0",
  "lockfileVersion": 3,
  "requires": true,
  "packages": {
    "": {
      "name": "x",
      "version": "1.0.0",
      "dependencies": {
        "b": "^1.0.0"
      },
      "devDependencies": {
        "b": "^2.0.0"
      }
    },
    "node_modules/b": {
      "version": "2.0.0",
      "resolved": "https://registry.npmjs.org/b/-/b-2.0.0.tgz",
      "dev": true
    }
  }
}
