{
  "name": "app",
  "version": "1.0.0",
  "lockfileVersion": 3,
  "requires": true,
  "packages": {
    "": {
      "name": "app",
      "version": "1.0.0",
      "dependencies": {
        "p": "1.0.0"
      }
    },
    "node_modules/p": {
      "version": "1.0.0",
      "resolved": "https://registry.npmjs.org/p/-/p-1.0.0.tgz",
      "dependencies": {
        "x": "npm:b@^2.0.0"
      }
    },
    "node_modules/x": {
      "version": "1.0.0",
      "resolved": "https://registry.npmjs.org/x/-/x-1.0.0.tgz"
    }
  }
}
